
Microsoft Visual Studio Solution File, Format Version 12.00
Project("{FAE04EC0-301F-11D3-BF4B-00C04F79EFBC}") = "AOBuddy20", "AOBuddy20\AOBuddy20.csproj", "{589A9173-F00A-4B88-9EDA-64FF07C7C59C}"
EndProject
Project("{FAE04EC0-301F-11D3-BF4B-00C04F79EFBC}") = "AOSharp.Common", "AOSharp.Common\AOSharp.Common.csproj", "{0F4100B7-13AB-4784-9DDE-8396968E345C}"
EndProject
Project("{FAE04EC0-301F-11D3-BF4B-00C04F79EFBC}") = "AOSharp.Clientless", "AOSharp.Clientless\AOSharp.Clientless.csproj", "{95CEC9F5-EB5F-415B-8430-E5983DB90AB7}"
EndProject
Project("{FAE04EC0-301F-11D3-BF4B-00C04F79EFBC}") = "AOSharp.Clientless.Chat", "AOSharp.Clientless.Chat\AOSharp.Clientless.Chat.csproj", "{427E5949-781E-4CA5-8FC5-79B3C2AFBB4C}"
EndProject
Project("{FAE04EC0-301F-11D3-BF4B-00C04F79EFBC}") = "AOSharp.Clientless.Common", "AOSharp.Clientless.Common\AOSharp.Clientless.Common.csproj", "{FC8913FC-802A-4E0A-B2D0-B87B2550ACB0}"
EndProject
Project("{FAE04EC0-301F-11D3-BF4B-00C04F79EFBC}") = "Ionic.Zlib", "Ionic.Zlib\Ionic.Zlib.csproj", "{359A4A85-37C1-4D33-94A8-52800355A7A5}"
EndProject
Project("{FAE04EC0-301F-11D3-BF4B-00C04F79EFBC}") = "BuffDryRun", "BuffDryRun\BuffDryRun.csproj", "{91122444-3713-4A92-B42B-7A22EA1ABF84}"
EndProject
Global
	GlobalSection(SolutionConfigurationPlatforms) = preSolution
		Debug|Any CPU = Debug|Any CPU
		Debug|x64 = Debug|x64
		Debug|x86 = Debug|x86
		Release|Any CPU = Release|Any CPU
		Release|x64 = Release|x64
		Release|x86 = Release|x86
	EndGlobalSection
	GlobalSection(ProjectConfigurationPlatforms) = postSolution
		{589A9173-F00A-4B88-9EDA-64FF07C7C59C}.Debug|Any CPU.ActiveCfg = Debug|Any CPU
		{589A9173-F00A-4B88-9EDA-64FF07C7C59C}.Debug|Any CPU.Build.0 = Debug|Any CPU
		{589A9173-F00A-4B88-9EDA-64FF07C7C59C}.Debug|x64.ActiveCfg = Debug|Any CPU
		{589A9173-F00A-4B88-9EDA-64FF07C7C59C}.Debug|x64.Build.0 = Debug|Any CPU
		{589A9173-F00A-4B88-9EDA-64FF07C7C59C}.Debug|x86.ActiveCfg = Debug|Any CPU
		{589A9173-F00A-4B88-9EDA-64FF07C7C59C}.Debug|x86.Build.0 = Debug|Any CPU
		{589A9173-F00A-4B88-9EDA-64FF07C7C59C}.Release|Any CPU.ActiveCfg = Release|Any CPU
		{589A9173-F00A-4B88-9EDA-64FF07C7C59C}.Release|Any CPU.Build.0 = Release|Any CPU
		{589A9173-F00A-4B88-9EDA-64FF07C7C59C}.Release|x64.ActiveCfg = Release|Any CPU
		{589A9173-F00A-4B88-9EDA-64FF07C7C59C}.Release|x64.Build.0 = Release|Any CPU
		{589A9173-F00A-4B88-9EDA-64FF07C7C59C}.Release|x86.ActiveCfg = Release|Any CPU
		{589A9173-F00A-4B88-9EDA-64FF07C7C59C}.Release|x86.Build.0 = Release|Any CPU
		{0F4100B7-13AB-4784-9DDE-8396968E345C}.Debug|Any CPU.ActiveCfg = Debug|Any CPU
		{0F4100B7-13AB-4784-9DDE-8396968E345C}.Debug|Any CPU.Build.0 = Debug|Any CPU
		{0F4100B7-13AB-4784-9DDE-8396968E345C}.Debug|x64.ActiveCfg = Debug|Any CPU
		{0F4100B7-13AB-4784-9DDE-8396968E345C}.Debug|x64.Build.0 = Debug|Any CPU
		{0F4100B7-13AB-4784-9DDE-8396968E345C}.Debug|x86.ActiveCfg = Debug|Any CPU
		{0F4100B7-13AB-4784-9DDE-8396968E345C}.Debug|x86.Build.0 = Debug|Any CPU
		{0F4100B7-13AB-4784-9DDE-8396968E345C}.Release|Any CPU.ActiveCfg = Release|Any CPU
		{0F4100B7-13AB-4784-9DDE-8396968E345C}.Release|Any CPU.Build.0 = Release|Any CPU
		{0F4100B7-13AB-4784-9DDE-8396968E345C}.Release|x64.ActiveCfg = Release|Any CPU
		{0F4100B7-13AB-4784-9DDE-8396968E345C}.Release|x64.Build.0 = Release|Any CPU
		{0F4100B7-13AB-4784-9DDE-8396968E345C}.Release|x86.ActiveCfg = Release|Any CPU
		{0F4100B7-13AB-4784-9DDE-8396968E345C}.Release|x86.Build.0 = Release|Any CPU
		{95CEC9F5-EB5F-415B-8430-E5983DB90AB7}.Debug|Any CPU.ActiveCfg = Debug|Any CPU
		{95CEC9F5-EB5F-415B-8430-E5983DB90AB7}.Debug|Any CPU.Build.0 = Debug|Any CPU
		{95CEC9F5-EB5F-415B-8430-E5983DB90AB7}.Debug|x64.ActiveCfg = Debug|Any CPU
		{95CEC9F5-EB5F-415B-8430-E5983DB90AB7}.Debug|x64.Build.0 = Debug|Any CPU
		{95CEC9F5-EB5F-415B-8430-E5983DB90AB7}.Debug|x86.ActiveCfg = Debug|Any CPU
		{95CEC9F5-EB5F-415B-8430-E5983DB90AB7}.Debug|x86.Build.0 = Debug|Any CPU
		{95CEC9F5-EB5F-415B-8430-E5983DB90AB7}.Release|Any CPU.ActiveCfg = Release|Any CPU
		{95CEC9F5-EB5F-415B-8430-E5983DB90AB7}.Release|Any CPU.Build.0 = Release|Any CPU
		{95CEC9F5-EB5F-415B-8430-E5983DB90AB7}.Release|x64.ActiveCfg = Release|Any CPU
		{95CEC9F5-EB5F-415B-8430-E5983DB90AB7}.Release|x64.Build.0 = Release|Any CPU
		{95CEC9F5-EB5F-415B-8430-E5983DB90AB7}.Release|x86.ActiveCfg = Release|Any CPU
		{95CEC9F5-EB5F-415B-8430-E5983DB90AB7}.Release|x86.Build.0 = Release|Any CPU
		{427E5949-781E-4CA5-8FC5-79B3C2AFBB4C}.Debug|Any CPU.ActiveCfg = Debug|Any CPU
		{427E5949-781E-4CA5-8FC5-79B3C2AFBB4C}.Debug|Any CPU.Build.0 = Debug|Any CPU
		{427E5949-781E-4CA5-8FC5-79B3C2AFBB4C}.Debug|x64.ActiveCfg = Debug|Any CPU
		{427E5949-781E-4CA5-8FC5-79B3C2AFBB4C}.Debug|x64.Build.0 = Debug|Any CPU
		{427E5949-781E-4CA5-8FC5-79B3C2AFBB4C}.Debug|x86.ActiveCfg = Debug|Any CPU
		{427E5949-781E-4CA5-8FC5-79B3C2AFBB4C}.Debug|x86.Build.0 = Debug|Any CPU
		{427E5949-781E-4CA5-8FC5-79B3C2AFBB4C}.Release|Any CPU.ActiveCfg = Release|Any CPU
		{427E5949-781E-4CA5-8FC5-79B3C2AFBB4C}.Release|Any CPU.Build.0 = Release|Any CPU
		{427E5949-781E-4CA5-8FC5-79B3C2AFBB4C}.Release|x64.ActiveCfg = Release|Any CPU
		{427E5949-781E-4CA5-8FC5-79B3C2AFBB4C}.Release|x64.Build.0 = Release|Any CPU
		{427E5949-781E-4CA5-8FC5-79B3C2AFBB4C}.Release|x86.ActiveCfg = Release|Any CPU
		{427E5949-781E-4CA5-8FC5-79B3C2AFBB4C}.Release|x86.Build.0 = Release|Any CPU
		{FC8913FC-802A-4E0A-B2D0-B87B2550ACB0}.Debug|Any CPU.ActiveCfg = Debug|Any CPU
		{FC8913FC-802A-4E0A-B2D0-B87B2550ACB0}.Debug|Any CPU.Build.0 = Debug|Any CPU
		{FC8913FC-802A-4E0A-B2D0-B87B2550ACB0}.Debug|x64.ActiveCfg = Debug|Any CPU
		{FC8913FC-802A-4E0A-B2D0-B87B2550ACB0}.Debug|x64.Build.0 = Debug|Any CPU
		{FC8913FC-802A-4E0A-B2D0-B87B2550ACB0}.Debug|x86.ActiveCfg = Debug|Any CPU
		{FC8913FC-802A-4E0A-B2D0-B87B2550ACB0}.Debug|x86.Build.0 = Debug|Any CPU
		{FC8913FC-802A-4E0A-B2D0-B87B2550ACB0}.Release|Any CPU.ActiveCfg = Release|Any CPU
		{FC8913FC-802A-4E0A-B2D0-B87B2550ACB0}.Release|Any CPU.Build.0 = Release|Any CPU
		{FC8913FC-802A-4E0A-B2D0-B87B2550ACB0}.Release|x64.ActiveCfg = Release|Any CPU
		{FC8913FC-802A-4E0A-B2D0-B87B2550ACB0}.Release|x64.Build.0 = Release|Any CPU
		{FC8913FC-802A-4E0A-B2D0-B87B2550ACB0}.Release|x86.ActiveCfg = Release|Any CPU
		{FC8913FC-802A-4E0A-B2D0-B87B2550ACB0}.Release|x86.Build.0 = Release|Any CPU
		{359A4A85-37C1-4D33-94A8-52800355A7A5}.Debug|Any CPU.ActiveCfg = Debug|Any CPU
		{359A4A85-37C1-4D33-94A8-52800355A7A5}.Debug|Any CPU.Build.0 = Debug|Any CPU
		{359A4A85-37C1-4D33-94A8-52800355A7A5}.Debug|x64.ActiveCfg = Debug|Any CPU
		{359A4A85-37C1-4D33-94A8-52800355A7A5}.Debug|x64.Build.0 = Debug|Any CPU
		{359A4A85-37C1-4D33-94A8-52800355A7A5}.Debug|x86.ActiveCfg = Debug|Any CPU
		{359A4A85-37C1-4D33-94A8-52800355A7A5}.Debug|x86.Build.0 = Debug|Any CPU
		{359A4A85-37C1-4D33-94A8-52800355A7A5}.Release|Any CPU.ActiveCfg = Release|Any CPU
		{359A4A85-37C1-4D33-94A8-52800355A7A5}.Release|Any CPU.Build.0 = Release|Any CPU
		{359A4A85-37C1-4D33-94A8-52800355A7A5}.Release|x64.ActiveCfg = Release|Any CPU
		{359A4A85-37C1-4D33-94A8-52800355A7A5}.Release|x64.Build.0 = Release|Any CPU
		{359A4A85-37C1-4D33-94A8-52800355A7A5}.Release|x86.ActiveCfg = Release|Any CPU
		{359A4A85-37C1-4D33-94A8-52800355A7A5}.Release|x86.Build.0 = Release|Any CPU
		{91122444-3713-4A92-B42B-7A22EA1ABF84}.Debug|Any CPU.ActiveCfg = Debug|Any CPU
		{91122444-3713-4A92-B42B-7A22EA1ABF84}.Debug|Any CPU.Build.0 = Debug|Any CPU
		{91122444-3713-4A92-B42B-7A22EA1ABF84}.Debug|x64.ActiveCfg = Debug|Any CPU
		{91122444-3713-4A92-B42B-7A22EA1ABF84}.Debug|x64.Build.0 = Debug|Any CPU
		{91122444-3713-4A92-B42B-7A22EA1ABF84}.Debug|x86.ActiveCfg = Debug|Any CPU
		{91122444-3713-4A92-B42B-7A22EA1ABF84}.Debug|x86.Build.0 = Debug|Any CPU
		{91122444-3713-4A92-B42B-7A22EA1ABF84}.Release|Any CPU.ActiveCfg = Release|Any CPU
		{91122444-3713-4A92-B42B-7A22EA1ABF84}.Release|Any CPU.Build.0 = Release|Any CPU
		{91122444-3713-4A92-B42B-7A22EA1ABF84}.Release|x64.ActiveCfg = Release|Any CPU
		{91122444-3713-4A92-B42B-7A22EA1ABF84}.Release|x64.Build.0 = Release|Any CPU
		{91122444-3713-4A92-B42B-7A22EA1ABF84}.Release|x86.ActiveCfg = Release|Any CPU
		{91122444-3713-4A92-B42B-7A22EA1ABF84}.Release|x86.Build.0 = Release|Any CPU
	EndGlobalSection
	GlobalSection(SolutionProperties) = preSolution
		HideSolutionNode = FALSE
	EndGlobalSection
EndGlobal
